
Microsoft Visual Studio Solution File, Format Version 12.00
# Visual Studio Version 16
VisualStudioVersion = 16.0.31313.79
MinimumVisualStudioVersion = 10.0.40219.1
Project("{FAE04EC0-301F-11D3-BF4B-00C04F79EFBC}") = "Plugable.io", "..\..\Plugable.io\Plugable.io.csproj", "{1A3C2477-DB30-488F-A2EA-5FBE4D18A091}"
EndProject
Project("{FAE04EC0-301F-11D3-BF4B-00C04F79EFBC}") = "Logging.io", "..\..\Logging.io\Logging.io.csproj", "{6C1D1D22-67F7-4621-8A69-AFA1AD1149D6}"
EndProject
Project("{2150E333-8FDC-42A3-9474-1A3956D46DE8}") = "Application", "Application", "{1EF0D9BB-E169-4F89-9767-467375C5547C}"
EndProject
Project("{2150E333-8FDC-42A3-9474-1A3956D46DE8}") = "ThirdParty", "ThirdParty", "{1800BA17-44B0-4B9B-A619-2A8425D02AE6}"
EndProject
Project("{FAE04EC0-301F-11D3-BF4B-00C04F79EFBC}") = "CommandLineParser", "..\..\ThirdParty\CommandLineParser\CommandLineParser.csproj", "{DCF8E084-93ED-4DCA-BCA1-6FBD6C64932A}"
EndProject
Project("{2150E333-8FDC-42A3-9474-1A3956D46DE8}") = "Plugins", "Plugins", "{D4430FE8-A257-4D77-84A0-52694C59FF0A}"
EndProject
Project("{FAE04EC0-301F-11D3-BF4B-00C04F79EFBC}") = "WebProt.WebHttp.Provider", "WebProt.WebHttp.Provider.csproj", "{102D5FA4-9FB4-453E-8ADE-914479141EC7}"
EndProject
Project("{2150E333-8FDC-42A3-9474-1A3956D46DE8}") = "Core", "Core", "{253B0FDD-D4EB-4453-833E-D08B32523C1B}"
EndProject
Project("{FAE04EC0-301F-11D3-BF4B-00C04F79EFBC}") = "uhttpsharp", "..\..\ThirdParty\uHttpSharp\uhttpsharp\uhttpsharp.csproj", "{3D681959-4DA3-4A71-A68B-704D6411D5EA}"
EndProject
Global
	GlobalSection(SolutionConfigurationPlatforms) = preSolution
		Debug|Any CPU = Debug|Any CPU
		Release|Any CPU = Release|Any CPU
	EndGlobalSection
	GlobalSection(ProjectConfigurationPlatforms) = postSolution
		{1A3C2477-DB30-488F-A2EA-5FBE4D18A091}.Debug|Any CPU.ActiveCfg = Debug|Any CPU
		{1A3C2477-DB30-488F-A2EA-5FBE4D18A091}.Debug|Any CPU.Build.0 = Debug|Any CPU
		{1A3C2477-DB30-488F-A2EA-5FBE4D18A091}.Release|Any CPU.ActiveCfg = Release|Any CPU
		{1A3C2477-DB30-488F-A2EA-5FBE4D18A091}.Release|Any CPU.Build.0 = Release|Any CPU
		{6C1D1D22-67F7-4621-8A69-AFA1AD1149D6}.Debug|Any CPU.ActiveCfg = Debug|Any CPU
		{6C1D1D22-67F7-4621-8A69-AFA1AD1149D6}.Debug|Any CPU.Build.0 = Debug|Any CPU
		{6C1D1D22-67F7-4621-8A69-AFA1AD1149D6}.Release|Any CPU.ActiveCfg = Release|Any CPU
		{6C1D1D22-67F7-4621-8A69-AFA1AD1149D6}.Release|Any CPU.Build.0 = Release|Any CPU
		{DCF8E084-93ED-4DCA-BCA1-6FBD6C64932A}.Debug|Any CPU.ActiveCfg = Debug|Any CPU
		{DCF8E084-93ED-4DCA-BCA1-6FBD6C64932A}.Debug|Any CPU.Build.0 = Debug|Any CPU
		{DCF8E084-93ED-4DCA-BCA1-6FBD6C64932A}.Release|Any CPU.ActiveCfg = Release|Any CPU
		{DCF8E084-93ED-4DCA-BCA1-6FBD6C64932A}.Release|Any CPU.Build.0 = Release|Any CPU
		{102D5FA4-9FB4-453E-8ADE-914479141EC7}.Debug|Any CPU.ActiveCfg = Debug|Any CPU
		{102D5FA4-9FB4-453E-8ADE-914479141EC7}.Debug|Any CPU.Build.0 = Debug|Any CPU
		{102D5FA4-9FB4-453E-8ADE-914479141EC7}.Release|Any CPU.ActiveCfg = Release|Any CPU
		{102D5FA4-9FB4-453E-8ADE-914479141EC7}.Release|Any CPU.Build.0 = Release|Any CPU
		{3D681959-4DA3-4A71-A68B-704D6411D5EA}.Debug|Any CPU.ActiveCfg = Debug|Any CPU
		{3D681959-4DA3-4A71-A68B-704D6411D5EA}.Debug|Any CPU.Build.0 = Debug|Any CPU
		{3D681959-4DA3-4A71-A68B-704D6411D5EA}.Release|Any CPU.ActiveCfg = Release|Any CPU
		{3D681959-4DA3-4A71-A68B-704D6411D5EA}.Release|Any CPU.Build.0 = Release|Any CPU
	EndGlobalSection
	GlobalSection(SolutionProperties) = preSolution
		HideSolutionNode = FALSE
	EndGlobalSection
	GlobalSection(NestedProjects) = preSolution
		{3A45010E-B879-4900-A034-35CA336D6E87} = {1EF0D9BB-E169-4F89-9767-467375C5547C}
		{1A3C2477-DB30-488F-A2EA-5FBE4D18A091} = {253B0FDD-D4EB-4453-833E-D08B32523C1B}
		{6C1D1D22-67F7-4621-8A69-AFA1AD1149D6} = {253B0FDD-D4EB-4453-833E-D08B32523C1B}
		{DCF8E084-93ED-4DCA-BCA1-6FBD6C64932A} = {1800BA17-44B0-4B9B-A619-2A8425D02AE6}
		{D4430FE8-A257-4D77-84A0-52694C59FF0A} = {1EF0D9BB-E169-4F89-9767-467375C5547C}
		{102D5FA4-9FB4-453E-8ADE-914479141EC7} = {D4430FE8-A257-4D77-84A0-52694C59FF0A}
		{253B0FDD-D4EB-4453-833E-D08B32523C1B} = {1EF0D9BB-E169-4F89-9767-467375C5547C}
		{0A48946F-8987-4298-B984-BF218A26F015} = {1800BA17-44B0-4B9B-A619-2A8425D02AE6}
		{95264B1B-6EFA-4791-A75F-481464FD5CD3} = {1800BA17-44B0-4B9B-A619-2A8425D02AE6}
		{AB8F7794-A444-4A26-8F91-0C1D298AECB2} = {1800BA17-44B0-4B9B-A619-2A8425D02AE6}
		{C57C3BC1-4B07-4E00-92F5-0A85F2DA42ED} = {1800BA17-44B0-4B9B-A619-2A8425D02AE6}
		{3D681959-4DA3-4A71-A68B-704D6411D5EA} = {1800BA17-44B0-4B9B-A619-2A8425D02AE6}
		{B357BAC7-529E-4D81-A0D2-71041B19C8DE} = {1800BA17-44B0-4B9B-A619-2A8425D02AE6}
		{F06D4A9B-C104-40F6-BA9D-67F868E3E8AE} = {D4430FE8-A257-4D77-84A0-52694C59FF0A}
		{55A7C185-CD22-4CF2-9B26-57953C417A3D} = {D4430FE8-A257-4D77-84A0-52694C59FF0A}
		{7A51308B-CE14-4522-B714-07BB20BFA499} = {D4430FE8-A257-4D77-84A0-52694C59FF0A}
		{352A27A4-7BB9-4B2C-B4D5-17DA41C7FEF2} = {D4430FE8-A257-4D77-84A0-52694C59FF0A}
		{2ED9154E-1BE8-45DA-802D-EE25FAF4036D} = {D4430FE8-A257-4D77-84A0-52694C59FF0A}
		{F557234E-F3A2-4924-A744-418C18924E84} = {D4430FE8-A257-4D77-84A0-52694C59FF0A}
	EndGlobalSection
	GlobalSection(ExtensibilityGlobals) = postSolution
		SolutionGuid = {68EEC412-090A-4C4B-916F-1D649D108F9A}
	EndGlobalSection
EndGlobal
